
Microsoft Visual Studio Solution File, Format Version 12.00
# Visual Studio Version 17
VisualStudioVersion = 17.3.32929.385
MinimumVisualStudioVersion = 10.0.40219.1
Project("{9A19103F-16F7-4668-BE54-9A1E7A4F7556}") = "EjercicioArreglo3", "EjercicioArreglo3\EjercicioArreglo3.csproj", "{52C1C2FC-19A2-47EC-B22C-EE77C831F1AC}"
EndProject
Project("{9A19103F-16F7-4668-BE54-9A1E7A4F7556}") = "EjercicioArreglo4", "EjercicioArreglo4\EjercicioArreglo4.csproj", "{E2EC7211-37D2-46B0-8D6B-8758EEEC2399}"
EndProject
Project("{FAE04EC0-301F-11D3-BF4B-00C04F79EFBC}") = "EjercicioArreglos2", "EjercicioArreglos2\EjercicioArreglos2.csproj", "{3069CF4B-601F-4DBC-94D3-DBB104D299B5}"
EndProject
Project("{FAE04EC0-301F-11D3-BF4B-00C04F79EFBC}") = "EjercicioArreglo1", "..\Demostraciones\Ejercicio1Arreglo_IVANKOLARIK\EjercicioArreglo1.csproj", "{DB3183E0-70FC-47D7-9A7F-1D733D20ABDC}"
EndProject
Global
	GlobalSection(SolutionConfigurationPlatforms) = preSolution
		Debug|Any CPU = Debug|Any CPU
		Release|Any CPU = Release|Any CPU
	EndGlobalSection
	GlobalSection(ProjectConfigurationPlatforms) = postSolution
		{52C1C2FC-19A2-47EC-B22C-EE77C831F1AC}.Debug|Any CPU.ActiveCfg = Debug|Any CPU
		{52C1C2FC-19A2-47EC-B22C-EE77C831F1AC}.Debug|Any CPU.Build.0 = Debug|Any CPU
		{52C1C2FC-19A2-47EC-B22C-EE77C831F1AC}.Release|Any CPU.ActiveCfg = Release|Any CPU
		{52C1C2FC-19A2-47EC-B22C-EE77C831F1AC}.Release|Any CPU.Build.0 = Release|Any CPU
		{E2EC7211-37D2-46B0-8D6B-8758EEEC2399}.Debug|Any CPU.ActiveCfg = Debug|Any CPU
		{E2EC7211-37D2-46B0-8D6B-8758EEEC2399}.Debug|Any CPU.Build.0 = Debug|Any CPU
		{E2EC7211-37D2-46B0-8D6B-8758EEEC2399}.Release|Any CPU.ActiveCfg = Release|Any CPU
		{E2EC7211-37D2-46B0-8D6B-8758EEEC2399}.Release|Any CPU.Build.0 = Release|Any CPU
		{3069CF4B-601F-4DBC-94D3-DBB104D299B5}.Debug|Any CPU.ActiveCfg = Debug|Any CPU
		{3069CF4B-601F-4DBC-94D3-DBB104D299B5}.Debug|Any CPU.Build.0 = Debug|Any CPU
		{3069CF4B-601F-4DBC-94D3-DBB104D299B5}.Release|Any CPU.ActiveCfg = Release|Any CPU
		{3069CF4B-601F-4DBC-94D3-DBB104D299B5}.Release|Any CPU.Build.0 = Release|Any CPU
		{DB3183E0-70FC-47D7-9A7F-1D733D20ABDC}.Debug|Any CPU.ActiveCfg = Debug|Any CPU
		{DB3183E0-70FC-47D7-9A7F-1D733D20ABDC}.Debug|Any CPU.Build.0 = Debug|Any CPU
		{DB3183E0-70FC-47D7-9A7F-1D733D20ABDC}.Release|Any CPU.ActiveCfg = Release|Any CPU
		{DB3183E0-70FC-47D7-9A7F-1D733D20ABDC}.Release|Any CPU.Build.0 = Release|Any CPU
	EndGlobalSection
	GlobalSection(SolutionProperties) = preSolution
		HideSolutionNode = FALSE
	EndGlobalSection
	GlobalSection(ExtensibilityGlobals) = postSolution
		SolutionGuid = {2A1AD010-4D5C-4B45-A3FA-7519265A6949}
	EndGlobalSection
EndGlobal
